// !$*UTF8*$!
{
	archiveVersion = 1;
	classes = {
	};
	objectVersion = 50;
	objects = {

/* Begin PBXBuildFile section */
		BC5BC5DD25F15EB600943096 /* AppDelegate.swift in Sources */ = {isa = PBXBuildFile; fileRef = BC5BC5DC25F15EB600943096 /* AppDelegate.swift */; };
		BC5BC5DF25F15EB600943096 /* SceneDelegate.swift in Sources */ = {isa = PBXBuildFile; fileRef = BC5BC5DE25F15EB600943096 /* SceneDelegate.swift */; };
		BC5BC5E125F15EB600943096 /* ContentView.swift in Sources */ = {isa = PBXBuildFile; fileRef = BC5BC5E025F15EB600943096 /* ContentView.swift */; };
		BC5BC5E325F15EB800943096 /* Assets.xcassets in Resources */ = {isa = PBXBuildFile; fileRef = BC5BC5E225F15EB800943096 /* Assets.xcassets */; };
		BC5BC5E625F15EB800943096 /* Preview Assets.xcassets in Resources */ = {isa = PBXBuildFile; fileRef = BC5BC5E525F15EB800943096 /* Preview Assets.xcassets */; };
		BC5BC5E925F15EB800943096 /* LaunchScreen.storyboard in Resources */ = {isa = PBXBuildFile; fileRef = BC5BC5E725F15EB800943096 /* LaunchScreen.storyboard */; };
/* End PBXBuildFile section */

/* Begin PBXFileReference section */
		BC5BC5D925F15EB600943096 /* SwifUIa11yGood.app */ = {isa = PBXFileReference; explicitFileType = wrapper.application; includeInIndex = 0; path = SwifUIa11yGood.app; sourceTree = BUILT_PRODUCTS_DIR; };
		BC5BC5DC25F15EB600943096 /* AppDelegate.swift */ = {isa = PBXFileReference; lastKnownFileType = sourcecode.swift; path = AppDelegate.swift; sourceTree = "<group>"; };
		BC5BC5DE25F15EB600943096 /* SceneDelegate.swift */ = {isa = PBXFileReference; lastKnownFileType = sourcecode.swift; path = SceneDelegate.swift; sourceTree = "<group>"; };
		BC5BC5E025F15EB600943096 /* ContentView.swift */ = {isa = PBXFileReference; lastKnownFileType = sourcecode.swift; path = ContentView.swift; sourceTree = "<group>"; };
		BC5BC5E225F15EB800943096 /* Assets.xcassets */ = {isa = PBXFileReference; lastKnownFileType = folder.assetcatalog; path = Assets.xcassets; sourceTree = "<group>"; };
		BC5BC5E525F15EB800943096 /* Preview Assets.xcassets */ = {isa = PBXFileReference; lastKnownFileType = folder.assetcatalog; path = "Preview Assets.xcassets"; sourceTree = "<group>"; };
		BC5BC5E825F15EB800943096 /* Base */ = {isa = PBXFileReference; lastKnownFileType = file.storyboard; name = Base; path = Base.lproj/LaunchScreen.storyboard; sourceTree = "<group>"; };
		BC5BC5EA25F15EB800943096 /* Info.plist */ = {isa = PBXFileReference; lastKnownFileType = text.plist.xml; path = Info.plist; sourceTree = "<group>"; };
/* End PBXFileReference section */

/* Begin PBXFrameworksBuildPhase section */
		BC5BC5D625F15EB600943096 /* Frameworks */ = {
			isa = PBXFrameworksBuildPhase;
			buildActionMask = 2147483647;
			files = (
			);
			runOnlyForDeploymentPostprocessing = 0;
		};
/* End PBXFrameworksBuildPhase section */

/* Begin PBXGroup section */
		BC5BC5D025F15EB600943096 = {
			isa = PBXGroup;
			children = (
				BC5BC5DB25F15EB600943096 /* SwifUIa11yGood */,
				BC5BC5DA25F15EB600943096 /* Products */,
			);
			sourceTree = "<group>";
		};
		BC5BC5DA25F15EB600943096 /* Products */ = {
			isa = PBXGroup;
			children = (
				BC5BC5D925F15EB600943096 /* SwifUIa11yGood.app */,
			);
			name = Products;
			sourceTree = "<group>";
		};
		BC5BC5DB25F15EB600943096 /* SwifUIa11yGood */ = {
			isa = PBXGroup;
			children = (
				BC5BC5DC25F15EB600943096 /* AppDelegate.swift */,
				BC5BC5DE25F15EB600943096 /* SceneDelegate.swift */,
				BC5BC5E025F15EB600943096 /* ContentView.swift */,
				BC5BC5E225F15EB800943096 /* Assets.xcassets */,
				BC5BC5E725F15EB800943096 /* LaunchScreen.storyboard */,
				BC5BC5EA25F15EB800943096 /* Info.plist */,
				BC5BC5E425F15EB800943096 /* Preview Content */,
			);
			path = SwifUIa11yGood;
			sourceTree = "<group>";
		};
		BC5BC5E425F15EB800943096 /* Preview Content */ = {
			isa = PBXGroup;
			children = (
				BC5BC5E525F15EB800943096 /* Preview Assets.xcassets */,
			);
			path = "Preview Content";
			sourceTree = "<group>";
		};
/* End PBXGroup section */

/* Begin PBXNativeTarget section */
		BC5BC5D825F15EB600943096 /* SwifUIa11yGood */ = {
			isa = PBXNativeTarget;
			buildConfigurationList = BC5BC5ED25F15EB800943096 /* Build configuration list for PBXNativeTarget "SwifUIa11yGood" */;
			buildPhases = (
				BC5BC5D525F15EB600943096 /* Sources */,
				BC5BC5D625F15EB600943096 /* Frameworks */,
				BC5BC5D725F15EB600943096 /* Resources */,
			);
			buildRules = (
			);
			dependencies = (
			);
			name = SwifUIa11yGood;
			productName = SwifUIa11yGood;
			productReference = BC5BC5D925F15EB600943096 /* SwifUIa11yGood.app */;
			productType = "com.apple.product-type.application";
		};
/* End PBXNativeTarget section */

/* Begin PBXProject section */
		BC5BC5D125F15EB600943096 /* Project object */ = {
			isa = PBXProject;
			attributes = {
				LastSwiftUpdateCheck = 1240;
				LastUpgradeCheck = 1240;
				TargetAttributes = {
					BC5BC5D825F15EB600943096 = {
						CreatedOnToolsVersion = 12.4;
					};
				};
			};
			buildConfigurationList = BC5BC5D425F15EB600943096 /* Build configuration list for PBXProject "SwifUIa11yGood" */;
			compatibilityVersion = "Xcode 9.3";
			developmentRegion = en;
			hasScannedForEncodings = 0;
			knownRegions = (
				en,
				Base,
			);
			mainGroup = BC5BC5D025F15EB600943096;
			productRefGroup = BC5BC5DA25F15EB600943096 /* Products */;
			projectDirPath = "";
			projectRoot = "";
			targets = (
				BC5BC5D825F15EB600943096 /* SwifUIa11yGood */,
			);
		};
/* End PBXProject section */

/* Begin PBXResourcesBuildPhase section */
		BC5BC5D725F15EB600943096 /* Resources */ = {
			isa = PBXResourcesBuildPhase;
			buildActionMask = 2147483647;
			files = (
				BC5BC5E925F15EB800943096 /* LaunchScreen.storyboard in Resources */,
				BC5BC5E625F15EB800943096 /* Preview Assets.xcassets in Resources */,
				BC5BC5E325F15EB800943096 /* Assets.xcassets in Resources */,
			);
			runOnlyForDeploymentPostprocessing = 0;
		};
/* End PBXResourcesBuildPhase section */

/* Begin PBXSourcesBuildPhase section */
		BC5BC5D525F15EB600943096 /* Sources */ = {
			isa = PBXSourcesBuildPhase;
			buildActionMask = 2147483647;
			files = (
				BC5BC5DD25F15EB600943096 /* AppDelegate.swift in Sources */,
				BC5BC5DF25F15EB600943096 /* SceneDelegate.swift in Sources */,
				BC5BC5E125F15EB600943096 /* ContentView.swift in Sources */,
			);
			runOnlyForDeploymentPostprocessing = 0;
		};
/* End PBXSourcesBuildPhase section */

/* Begin PBXVariantGroup section */
		BC5BC5E725F15EB800943096 /* LaunchScreen.storyboard */ = {
			isa = PBXVariantGroup;
			children = (
				BC5BC5E825F15EB800943096 /* Base */,
			);
			name = LaunchScreen.storyboard;
			sourceTree = "<group>";
		};
/* End PBXVariantGroup section */

/* Begin XCBuildConfiguration section */
		BC5BC5EB25F15EB800943096 /* Debug */ = {
			isa = XCBuildConfiguration;
			buildSettings = {
				ALWAYS_SEARCH_USER_PATHS = NO;
				CLANG_ANALYZER_NONNULL = YES;
				CLANG_ANALYZER_NUMBER_OBJECT_CONVERSION = YES_AGGRESSIVE;
				CLANG_CXX_LANGUAGE_STANDARD = "gnu++14";
				CLANG_CXX_LIBRARY = "libc++";
				CLANG_ENABLE_MODULES = YES;
				CLANG_ENABLE_OBJC_ARC = YES;
				CLANG_ENABLE_OBJC_WEAK = YES;
				CLANG_WARN_BLOCK_CAPTURE_AUTORELEASING = YES;
				CLANG_WARN_BOOL_CONVERSION = YES;
				CLANG_WARN_COMMA = YES;
				CLANG_WARN_CONSTANT_CONVERSION = YES;
				CLANG_WARN_DEPRECATED_OBJC_IMPLEMENTATIONS = YES;
				CLANG_WARN_DIRECT_OBJC_ISA_USAGE = YES_ERROR;
				CLANG_WARN_DOCUMENTATION_COMMENTS = YES;
				CLANG_WARN_EMPTY_BODY = YES;
				CLANG_WARN_ENUM_CONVERSION = YES;
				CLANG_WARN_INFINITE_RECURSION = YES;
				CLANG_WARN_INT_CONVERSION = YES;
				CLANG_WARN_NON_LITERAL_NULL_CONVERSION = YES;
				CLANG_WARN_OBJC_IMPLICIT_RETAIN_SELF = YES;
				CLANG_WARN_OBJC_LITERAL_CONVERSION = YES;
				CLANG_WARN_OBJC_ROOT_CLASS = YES_ERROR;
				CLANG_WARN_QUOTED_INCLUDE_IN_FRAMEWORK_HEADER = YES;
				CLANG_WARN_RANGE_LOOP_ANALYSIS = YES;
				CLANG_WARN_STRICT_PROTOTYPES = YES;
				CLANG_WARN_SUSPICIOUS_MOVE = YES;
				CLANG_WARN_UNGUARDED_AVAILABILITY = YES_AGGRESSIVE;
				CLANG_WARN_UNREACHABLE_CODE = YES;
				CLANG_WARN__DUPLICATE_METHOD_MATCH = YES;
				COPY_PHASE_STRIP = NO;
				DEBUG_INFORMATION_FORMAT = dwarf;
				ENABLE_STRICT_OBJC_MSGSEND = YES;
				ENABLE_TESTABILITY = YES;
				GCC_C_LANGUAGE_STANDARD = gnu11;
				GCC_DYNAMIC_NO_PIC = NO;
				GCC_NO_COMMON_BLOCKS = YES;
				GCC_OPTIMIZATION_LEVEL = 0;
				GCC_PREPROCESSOR_DEFINITIONS = (
					"DEBUG=1",
					"$(inherited)",
				);
				GCC_WARN_64_TO_32_BIT_CONVERSION = YES;
				GCC_WARN_ABOUT_RETURN_TYPE = YES_ERROR;
				GCC_WARN_UNDECLARED_SELECTOR = YES;
				GCC_WARN_UNINITIALIZED_AUTOS = YES_AGGRESSIVE;
				GCC_WARN_UNUSED_FUNCTION = YES;
				GCC_WARN_UNUSED_VARIABLE = YES;
				IPHONEOS_DEPLOYMENT_TARGET = 14.4;
				MTL_ENABLE_DEBUG_INFO = INCLUDE_SOURCE;
				MTL_FAST_MATH = YES;
				ONLY_ACTIVE_ARCH = YES;
				SDKROOT = iphoneos;
				SWIFT_ACTIVE_COMPILATION_CONDITIONS = DEBUG;
				SWIFT_OPTIMIZATION_LEVEL = "-Onone";
			};
			name = Debug;
		};
		BC5BC5EC25F15EB800943096 /* Release */ = {
			isa = XCBuildConfiguration;
			buildSettings = {
				ALWAYS_SEARCH_USER_PATHS = NO;
				CLANG_ANALYZER_NONNULL = YES;
				CLANG_ANALYZER_NUMBER_OBJECT_CONVERSION = YES_AGGRESSIVE;
				CLANG_CXX_LANGUAGE_STANDARD = "gnu++14";
				CLANG_CXX_LIBRARY = "libc++";
				CLANG_ENABLE_MODULES = YES;
				CLANG_ENABLE_OBJC_ARC = YES;
				CLANG_ENABLE_OBJC_WEAK = YES;
				CLANG_WARN_BLOCK_CAPTURE_AUTORELEASING = YES;
				CLANG_WARN_BOOL_CONVERSION = YES;
				CLANG_WARN_COMMA = YES;
				CLANG_WARN_CONSTANT_CONVERSION = YES;
				CLANG_WARN_DEPRECATED_OBJC_IMPLEMENTATIONS = YES;
				CLANG_WARN_DIRECT_OBJC_ISA_USAGE = YES_ERROR;
				CLANG_WARN_DOCUMENTATION_COMMENTS = YES;
				CLANG_WARN_EMPTY_BODY = YES;
				CLANG_WARN_ENUM_CONVERSION = YES;
				CLANG_WARN_INFINITE_RECURSION = YES;
				CLANG_WARN_INT_CONVERSION = YES;
				CLANG_WARN_NON_LITERAL_NULL_CONVERSION = YES;
				CLANG_WARN_OBJC_IMPLICIT_RETAIN_SELF = YES;
				CLANG_WARN_OBJC_LITERAL_CONVERSION = YES;
				CLANG_WARN_OBJC_ROOT_CLASS = YES_ERROR;
				CLANG_WARN_QUOTED_INCLUDE_IN_FRAMEWORK_HEADER = YES;
				CLANG_WARN_RANGE_LOOP_ANALYSIS = YES;
				CLANG_WARN_STRICT_PROTOTYPES = YES;
				CLANG_WARN_SUSPICIOUS_MOVE = YES;
				CLANG_WARN_UNGUARDED_AVAILABILITY = YES_AGGRESSIVE;
				CLANG_WARN_UNREACHABLE_CODE = YES;
				CLANG_WARN__DUPLICATE_METHOD_MATCH = YES;
				COPY_PHASE_STRIP = NO;
				DEBUG_INFORMATION_FORMAT = "dwarf-with-dsym";
				ENABLE_NS_ASSERTIONS = NO;
				ENABLE_STRICT_OBJC_MSGSEND = YES;
				GCC_C_LANGUAGE_STANDARD = gnu11;
				GCC_NO_COMMON_BLOCKS = YES;
				GCC_WARN_64_TO_32_BIT_CONVERSION = YES;
				GCC_WARN_ABOUT_RETURN_TYPE = YES_ERROR;
				GCC_WARN_UNDECLARED_SELECTOR = YES;
				GCC_WARN_UNINITIALIZED_AUTOS = YES_AGGRESSIVE;
				GCC_WARN_UNUSED_FUNCTION = YES;
				GCC_WARN_UNUSED_VARIABLE = YES;
				IPHONEOS_DEPLOYMENT_TARGET = 14.4;
				MTL_ENABLE_DEBUG_INFO = NO;
				MTL_FAST_MATH = YES;
				SDKROOT = iphoneos;
				SWIFT_COMPILATION_MODE = wholemodule;
				SWIFT_OPTIMIZATION_LEVEL = "-O";
				VALIDATE_PRODUCT = YES;
			};
			name = Release;
		};
		BC5BC5EE25F15EB800943096 /* Debug */ = {
			isa = XCBuildConfiguration;
			buildSettings = {
				ASSETCATALOG_COMPILER_APPICON_NAME = AppIcon;
				ASSETCATALOG_COMPILER_GLOBAL_ACCENT_COLOR_NAME = AccentColor;
				CODE_SIGN_STYLE = Automatic;
				DEVELOPMENT_ASSET_PATHS = "\"SwifUIa11yGood/Preview Content\"";
				DEVELOPMENT_TEAM = VJ8862HM4M;
				ENABLE_PREVIEWS = YES;
				INFOPLIST_FILE = SwifUIa11yGood/Info.plist;
				LD_RUNPATH_SEARCH_PATHS = (
					"$(inherited)",
					"@executable_path/Frameworks",
				);
				PRODUCT_BUNDLE_IDENTIFIER = com.PaulJAdam.SwifUIa11yGood;
				PRODUCT_NAME = "$(TARGET_NAME)";
				SWIFT_VERSION = 5.0;
				TARGETED_DEVICE_FAMILY = "1,2";
			};
			name = Debug;
		};
		BC5BC5EF25F15EB800943096 /* Release */ = {
			isa = XCBuildConfiguration;
			buildSettings = {
				ASSETCATALOG_COMPILER_APPICON_NAME = AppIcon;
				ASSETCATALOG_COMPILER_GLOBAL_ACCENT_COLOR_NAME = AccentColor;
				CODE_SIGN_STYLE = Automatic;
				DEVELOPMENT_ASSET_PATHS = "\"SwifUIa11yGood/Preview Content\"";
				DEVELOPMENT_TEAM = VJ8862HM4M;
				ENABLE_PREVIEWS = YES;
				INFOPLIST_FILE = SwifUIa11yGood/Info.plist;
				LD_RUNPATH_SEARCH_PATHS = (
					"$(inherited)",
					"@executable_path/Frameworks",
				);
				PRODUCT_BUNDLE_IDENTIFIER = com.PaulJAdam.SwifUIa11yGood;
				PRODUCT_NAME = "$(TARGET_NAME)";
				SWIFT_VERSION = 5.0;
				TARGETED_DEVICE_FAMILY = "1,2";
			};
			name = Release;
		};
/* End XCBuildConfiguration section */

/* Begin XCConfigurationList section */
		BC5BC5D425F15EB600943096 /* Build configuration list for PBXProject "SwifUIa11yGood" */ = {
			isa = XCConfigurationList;
			buildConfigurations = (
				BC5BC5EB25F15EB800943096 /* Debug */,
				BC5BC5EC25F15EB800943096 /* Release */,
			);
			defaultConfigurationIsVisible = 0;
			defaultConfigurationName = Release;
		};
		BC5BC5ED25F15EB800943096 /* Build configuration list for PBXNativeTarget "SwifUIa11yGood" */ = {
			isa = XCConfigurationList;
			buildConfigurations = (
				BC5BC5EE25F15EB800943096 /* Debug */,
				BC5BC5EF25F15EB800943096 /* Release */,
			);
			defaultConfigurationIsVisible = 0;
			defaultConfigurationName = Release;
		};
/* End XCConfigurationList section */
	};
	rootObject = BC5BC5D125F15EB600943096 /* Project object */;
}
