// !$*UTF8*$!
{
	archiveVersion = 1;
	classes = {
	};
	objectVersion = 50;
	objects = {

/* Begin PBXBuildFile section */
		BCC174EB23D3B3F500A7936F /* AppDelegate.swift in Sources */ = {isa = PBXBuildFile; fileRef = BCC174EA23D3B3F500A7936F /* AppDelegate.swift */; };
		BCC174ED23D3B3F500A7936F /* SceneDelegate.swift in Sources */ = {isa = PBXBuildFile; fileRef = BCC174EC23D3B3F500A7936F /* SceneDelegate.swift */; };
		BCC174EF23D3B3F500A7936F /* ViewController.swift in Sources */ = {isa = PBXBuildFile; fileRef = BCC174EE23D3B3F500A7936F /* ViewController.swift */; };
		BCC174F223D3B3F500A7936F /* Main.storyboard in Resources */ = {isa = PBXBuildFile; fileRef = BCC174F023D3B3F500A7936F /* Main.storyboard */; };
		BCC174F423D3B3F600A7936F /* Assets.xcassets in Resources */ = {isa = PBXBuildFile; fileRef = BCC174F323D3B3F600A7936F /* Assets.xcassets */; };
		BCC174F723D3B3F600A7936F /* LaunchScreen.storyboard in Resources */ = {isa = PBXBuildFile; fileRef = BCC174F523D3B3F600A7936F /* LaunchScreen.storyboard */; };
/* End PBXBuildFile section */

/* Begin PBXFileReference section */
		BCC174E723D3B3F500A7936F /* FormGoodiOS.app */ = {isa = PBXFileReference; explicitFileType = wrapper.application; includeInIndex = 0; path = FormGoodiOS.app; sourceTree = BUILT_PRODUCTS_DIR; };
		BCC174EA23D3B3F500A7936F /* AppDelegate.swift */ = {isa = PBXFileReference; lastKnownFileType = sourcecode.swift; path = AppDelegate.swift; sourceTree = "<group>"; };
		BCC174EC23D3B3F500A7936F /* SceneDelegate.swift */ = {isa = PBXFileReference; lastKnownFileType = sourcecode.swift; path = SceneDelegate.swift; sourceTree = "<group>"; };
		BCC174EE23D3B3F500A7936F /* ViewController.swift */ = {isa = PBXFileReference; lastKnownFileType = sourcecode.swift; path = ViewController.swift; sourceTree = "<group>"; };
		BCC174F123D3B3F500A7936F /* Base */ = {isa = PBXFileReference; lastKnownFileType = file.storyboard; name = Base; path = Base.lproj/Main.storyboard; sourceTree = "<group>"; };
		BCC174F323D3B3F600A7936F /* Assets.xcassets */ = {isa = PBXFileReference; lastKnownFileType = folder.assetcatalog; path = Assets.xcassets; sourceTree = "<group>"; };
		BCC174F623D3B3F600A7936F /* Base */ = {isa = PBXFileReference; lastKnownFileType = file.storyboard; name = Base; path = Base.lproj/LaunchScreen.storyboard; sourceTree = "<group>"; };
		BCC174F823D3B3F600A7936F /* Info.plist */ = {isa = PBXFileReference; lastKnownFileType = text.plist.xml; path = Info.plist; sourceTree = "<group>"; };
/* End PBXFileReference section */

/* Begin PBXFrameworksBuildPhase section */
		BCC174E423D3B3F500A7936F /* Frameworks */ = {
			isa = PBXFrameworksBuildPhase;
			buildActionMask = 2147483647;
			files = (
			);
			runOnlyForDeploymentPostprocessing = 0;
		};
/* End PBXFrameworksBuildPhase section */

/* Begin PBXGroup section */
		BCC174DE23D3B3F500A7936F = {
			isa = PBXGroup;
			children = (
				BCC174E923D3B3F500A7936F /* FormGoodiOS */,
				BCC174E823D3B3F500A7936F /* Products */,
			);
			sourceTree = "<group>";
		};
		BCC174E823D3B3F500A7936F /* Products */ = {
			isa = PBXGroup;
			children = (
				BCC174E723D3B3F500A7936F /* FormGoodiOS.app */,
			);
			name = Products;
			sourceTree = "<group>";
		};
		BCC174E923D3B3F500A7936F /* FormGoodiOS */ = {
			isa = PBXGroup;
			children = (
				BCC174EA23D3B3F500A7936F /* AppDelegate.swift */,
				BCC174EC23D3B3F500A7936F /* SceneDelegate.swift */,
				BCC174EE23D3B3F500A7936F /* ViewController.swift */,
				BCC174F023D3B3F500A7936F /* Main.storyboard */,
				BCC174F323D3B3F600A7936F /* Assets.xcassets */,
				BCC174F523D3B3F600A7936F /* LaunchScreen.storyboard */,
				BCC174F823D3B3F600A7936F /* Info.plist */,
			);
			path = FormGoodiOS;
			sourceTree = "<group>";
		};
/* End PBXGroup section */

/* Begin PBXNativeTarget section */
		BCC174E623D3B3F500A7936F /* FormGoodiOS */ = {
			isa = PBXNativeTarget;
			buildConfigurationList = BCC174FB23D3B3F600A7936F /* Build configuration list for PBXNativeTarget "FormGoodiOS" */;
			buildPhases = (
				BCC174E323D3B3F500A7936F /* Sources */,
				BCC174E423D3B3F500A7936F /* Frameworks */,
				BCC174E523D3B3F500A7936F /* Resources */,
			);
			buildRules = (
			);
			dependencies = (
			);
			name = FormGoodiOS;
			productName = FormGoodiOS;
			productReference = BCC174E723D3B3F500A7936F /* FormGoodiOS.app */;
			productType = "com.apple.product-type.application";
		};
/* End PBXNativeTarget section */

/* Begin PBXProject section */
		BCC174DF23D3B3F500A7936F /* Project object */ = {
			isa = PBXProject;
			attributes = {
				LastSwiftUpdateCheck = 1130;
				LastUpgradeCheck = 1130;
				ORGANIZATIONNAME = "Paul Adam";
				TargetAttributes = {
					BCC174E623D3B3F500A7936F = {
						CreatedOnToolsVersion = 11.3.1;
					};
				};
			};
			buildConfigurationList = BCC174E223D3B3F500A7936F /* Build configuration list for PBXProject "FormGoodiOS" */;
			compatibilityVersion = "Xcode 9.3";
			developmentRegion = en;
			hasScannedForEncodings = 0;
			knownRegions = (
				en,
				Base,
			);
			mainGroup = BCC174DE23D3B3F500A7936F;
			productRefGroup = BCC174E823D3B3F500A7936F /* Products */;
			projectDirPath = "";
			projectRoot = "";
			targets = (
				BCC174E623D3B3F500A7936F /* FormGoodiOS */,
			);
		};
/* End PBXProject section */

/* Begin PBXResourcesBuildPhase section */
		BCC174E523D3B3F500A7936F /* Resources */ = {
			isa = PBXResourcesBuildPhase;
			buildActionMask = 2147483647;
			files = (
				BCC174F723D3B3F600A7936F /* LaunchScreen.storyboard in Resources */,
				BCC174F423D3B3F600A7936F /* Assets.xcassets in Resources */,
				BCC174F223D3B3F500A7936F /* Main.storyboard in Resources */,
			);
			runOnlyForDeploymentPostprocessing = 0;
		};
/* End PBXResourcesBuildPhase section */

/* Begin PBXSourcesBuildPhase section */
		BCC174E323D3B3F500A7936F /* Sources */ = {
			isa = PBXSourcesBuildPhase;
			buildActionMask = 2147483647;
			files = (
				BCC174EF23D3B3F500A7936F /* ViewController.swift in Sources */,
				BCC174EB23D3B3F500A7936F /* AppDelegate.swift in Sources */,
				BCC174ED23D3B3F500A7936F /* SceneDelegate.swift in Sources */,
			);
			runOnlyForDeploymentPostprocessing = 0;
		};
/* End PBXSourcesBuildPhase section */

/* Begin PBXVariantGroup section */
		BCC174F023D3B3F500A7936F /* Main.storyboard */ = {
			isa = PBXVariantGroup;
			children = (
				BCC174F123D3B3F500A7936F /* Base */,
			);
			name = Main.storyboard;
			sourceTree = "<group>";
		};
		BCC174F523D3B3F600A7936F /* LaunchScreen.storyboard */ = {
			isa = PBXVariantGroup;
			children = (
				BCC174F623D3B3F600A7936F /* Base */,
			);
			name = LaunchScreen.storyboard;
			sourceTree = "<group>";
		};
/* End PBXVariantGroup section */

/* Begin XCBuildConfiguration section */
		BCC174F923D3B3F600A7936F /* Debug */ = {
			isa = XCBuildConfiguration;
			buildSettings = {
				ALWAYS_SEARCH_USER_PATHS = NO;
				CLANG_ANALYZER_NONNULL = YES;
				CLANG_ANALYZER_NUMBER_OBJECT_CONVERSION = YES_AGGRESSIVE;
				CLANG_CXX_LANGUAGE_STANDARD = "gnu++14";
				CLANG_CXX_LIBRARY = "libc++";
				CLANG_ENABLE_MODULES = YES;
				CLANG_ENABLE_OBJC_ARC = YES;
				CLANG_ENABLE_OBJC_WEAK = YES;
				CLANG_WARN_BLOCK_CAPTURE_AUTORELEASING = YES;
				CLANG_WARN_BOOL_CONVERSION = YES;
				CLANG_WARN_COMMA = YES;
				CLANG_WARN_CONSTANT_CONVERSION = YES;
				CLANG_WARN_DEPRECATED_OBJC_IMPLEMENTATIONS = YES;
				CLANG_WARN_DIRECT_OBJC_ISA_USAGE = YES_ERROR;
				CLANG_WARN_DOCUMENTATION_COMMENTS = YES;
				CLANG_WARN_EMPTY_BODY = YES;
				CLANG_WARN_ENUM_CONVERSION = YES;
				CLANG_WARN_INFINITE_RECURSION = YES;
				CLANG_WARN_INT_CONVERSION = YES;
				CLANG_WARN_NON_LITERAL_NULL_CONVERSION = YES;
				CLANG_WARN_OBJC_IMPLICIT_RETAIN_SELF = YES;
				CLANG_WARN_OBJC_LITERAL_CONVERSION = YES;
				CLANG_WARN_OBJC_ROOT_CLASS = YES_ERROR;
				CLANG_WARN_RANGE_LOOP_ANALYSIS = YES;
				CLANG_WARN_STRICT_PROTOTYPES = YES;
				CLANG_WARN_SUSPICIOUS_MOVE = YES;
				CLANG_WARN_UNGUARDED_AVAILABILITY = YES_AGGRESSIVE;
				CLANG_WARN_UNREACHABLE_CODE = YES;
				CLANG_WARN__DUPLICATE_METHOD_MATCH = YES;
				COPY_PHASE_STRIP = NO;
				DEBUG_INFORMATION_FORMAT = dwarf;
				ENABLE_STRICT_OBJC_MSGSEND = YES;
				ENABLE_TESTABILITY = YES;
				GCC_C_LANGUAGE_STANDARD = gnu11;
				GCC_DYNAMIC_NO_PIC = NO;
				GCC_NO_COMMON_BLOCKS = YES;
				GCC_OPTIMIZATION_LEVEL = 0;
				GCC_PREPROCESSOR_DEFINITIONS = (
					"DEBUG=1",
					"$(inherited)",
				);
				GCC_WARN_64_TO_32_BIT_CONVERSION = YES;
				GCC_WARN_ABOUT_RETURN_TYPE = YES_ERROR;
				GCC_WARN_UNDECLARED_SELECTOR = YES;
				GCC_WARN_UNINITIALIZED_AUTOS = YES_AGGRESSIVE;
				GCC_WARN_UNUSED_FUNCTION = YES;
				GCC_WARN_UNUSED_VARIABLE = YES;
				IPHONEOS_DEPLOYMENT_TARGET = 13.2;
				MTL_ENABLE_DEBUG_INFO = INCLUDE_SOURCE;
				MTL_FAST_MATH = YES;
				ONLY_ACTIVE_ARCH = YES;
				SDKROOT = iphoneos;
				SWIFT_ACTIVE_COMPILATION_CONDITIONS = DEBUG;
				SWIFT_OPTIMIZATION_LEVEL = "-Onone";
			};
			name = Debug;
		};
		BCC174FA23D3B3F600A7936F /* Release */ = {
			isa = XCBuildConfiguration;
			buildSettings = {
				ALWAYS_SEARCH_USER_PATHS = NO;
				CLANG_ANALYZER_NONNULL = YES;
				CLANG_ANALYZER_NUMBER_OBJECT_CONVERSION = YES_AGGRESSIVE;
				CLANG_CXX_LANGUAGE_STANDARD = "gnu++14";
				CLANG_CXX_LIBRARY = "libc++";
				CLANG_ENABLE_MODULES = YES;
				CLANG_ENABLE_OBJC_ARC = YES;
				CLANG_ENABLE_OBJC_WEAK = YES;
				CLANG_WARN_BLOCK_CAPTURE_AUTORELEASING = YES;
				CLANG_WARN_BOOL_CONVERSION = YES;
				CLANG_WARN_COMMA = YES;
				CLANG_WARN_CONSTANT_CONVERSION = YES;
				CLANG_WARN_DEPRECATED_OBJC_IMPLEMENTATIONS = YES;
				CLANG_WARN_DIRECT_OBJC_ISA_USAGE = YES_ERROR;
				CLANG_WARN_DOCUMENTATION_COMMENTS = YES;
				CLANG_WARN_EMPTY_BODY = YES;
				CLANG_WARN_ENUM_CONVERSION = YES;
				CLANG_WARN_INFINITE_RECURSION = YES;
				CLANG_WARN_INT_CONVERSION = YES;
				CLANG_WARN_NON_LITERAL_NULL_CONVERSION = YES;
				CLANG_WARN_OBJC_IMPLICIT_RETAIN_SELF = YES;
				CLANG_WARN_OBJC_LITERAL_CONVERSION = YES;
				CLANG_WARN_OBJC_ROOT_CLASS = YES_ERROR;
				CLANG_WARN_RANGE_LOOP_ANALYSIS = YES;
				CLANG_WARN_STRICT_PROTOTYPES = YES;
				CLANG_WARN_SUSPICIOUS_MOVE = YES;
				CLANG_WARN_UNGUARDED_AVAILABILITY = YES_AGGRESSIVE;
				CLANG_WARN_UNREACHABLE_CODE = YES;
				CLANG_WARN__DUPLICATE_METHOD_MATCH = YES;
				COPY_PHASE_STRIP = NO;
				DEBUG_INFORMATION_FORMAT = "dwarf-with-dsym";
				ENABLE_NS_ASSERTIONS = NO;
				ENABLE_STRICT_OBJC_MSGSEND = YES;
				GCC_C_LANGUAGE_STANDARD = gnu11;
				GCC_NO_COMMON_BLOCKS = YES;
				GCC_WARN_64_TO_32_BIT_CONVERSION = YES;
				GCC_WARN_ABOUT_RETURN_TYPE = YES_ERROR;
				GCC_WARN_UNDECLARED_SELECTOR = YES;
				GCC_WARN_UNINITIALIZED_AUTOS = YES_AGGRESSIVE;
				GCC_WARN_UNUSED_FUNCTION = YES;
				GCC_WARN_UNUSED_VARIABLE = YES;
				IPHONEOS_DEPLOYMENT_TARGET = 13.2;
				MTL_ENABLE_DEBUG_INFO = NO;
				MTL_FAST_MATH = YES;
				SDKROOT = iphoneos;
				SWIFT_COMPILATION_MODE = wholemodule;
				SWIFT_OPTIMIZATION_LEVEL = "-O";
				VALIDATE_PRODUCT = YES;
			};
			name = Release;
		};
		BCC174FC23D3B3F600A7936F /* Debug */ = {
			isa = XCBuildConfiguration;
			buildSettings = {
				ASSETCATALOG_COMPILER_APPICON_NAME = AppIcon;
				CODE_SIGN_STYLE = Automatic;
				DEVELOPMENT_TEAM = VJ8862HM4M;
				INFOPLIST_FILE = FormGoodiOS/Info.plist;
				LD_RUNPATH_SEARCH_PATHS = (
					"$(inherited)",
					"@executable_path/Frameworks",
				);
				PRODUCT_BUNDLE_IDENTIFIER = PaulJAdam.com.FormGoodiOS;
				PRODUCT_NAME = "$(TARGET_NAME)";
				SWIFT_VERSION = 5.0;
				TARGETED_DEVICE_FAMILY = "1,2";
			};
			name = Debug;
		};
		BCC174FD23D3B3F600A7936F /* Release */ = {
			isa = XCBuildConfiguration;
			buildSettings = {
				ASSETCATALOG_COMPILER_APPICON_NAME = AppIcon;
				CODE_SIGN_STYLE = Automatic;
				DEVELOPMENT_TEAM = VJ8862HM4M;
				INFOPLIST_FILE = FormGoodiOS/Info.plist;
				LD_RUNPATH_SEARCH_PATHS = (
					"$(inherited)",
					"@executable_path/Frameworks",
				);
				PRODUCT_BUNDLE_IDENTIFIER = PaulJAdam.com.FormGoodiOS;
				PRODUCT_NAME = "$(TARGET_NAME)";
				SWIFT_VERSION = 5.0;
				TARGETED_DEVICE_FAMILY = "1,2";
			};
			name = Release;
		};
/* End XCBuildConfiguration section */

/* Begin XCConfigurationList section */
		BCC174E223D3B3F500A7936F /* Build configuration list for PBXProject "FormGoodiOS" */ = {
			isa = XCConfigurationList;
			buildConfigurations = (
				BCC174F923D3B3F600A7936F /* Debug */,
				BCC174FA23D3B3F600A7936F /* Release */,
			);
			defaultConfigurationIsVisible = 0;
			defaultConfigurationName = Release;
		};
		BCC174FB23D3B3F600A7936F /* Build configuration list for PBXNativeTarget "FormGoodiOS" */ = {
			isa = XCConfigurationList;
			buildConfigurations = (
				BCC174FC23D3B3F600A7936F /* Debug */,
				BCC174FD23D3B3F600A7936F /* Release */,
			);
			defaultConfigurationIsVisible = 0;
			defaultConfigurationName = Release;
		};
/* End XCConfigurationList section */
	};
	rootObject = BCC174DF23D3B3F500A7936F /* Project object */;
}
